# THIS IS AN AUTOGENERATED FILE. DO NOT EDIT THIS FILE DIRECTLY.
# yarn lockfile v1


"@tarekraafat/autocomplete.js@^7.2.0":
  version "7.2.0"
  resolved "https://registry.yarnpkg.com/@tarekraafat/autocomplete.js/-/autocomplete.js-7.2.0.tgz#d6ac9fe78db92d864ec096639e577f7e4b323829"
  integrity sha512-p1aEcKC/WHpVBuFyRhXq/ie+mgO4QqCNEsdVIPUBgmNqmxV4dVfqYEpk///9vvKyranUUvrlVu4e2tdzAaXKIg==
